
Microsoft Visual Studio Solution File, Format Version 12.00
# Visual Studio 15
VisualStudioVersion = 15.0.27004.2005
MinimumVisualStudioVersion = 10.0.40219.1
Project("{FAE04EC0-301F-11D3-BF4B-00C04F79EFBC}") = "MentorViet.Model", "MentorViet.Model\MentorViet.Model.csproj", "{F36112FA-020F-4DD3-9CB8-2569DE99876F}"
EndProject
Project("{FAE04EC0-301F-11D3-BF4B-00C04F79EFBC}") = "MentorViet.Service", "MentorViet.Service\MentorViet.Service.csproj", "{F705C87D-5AFA-4B13-90DF-672D4D104EC9}"
EndProject
Project("{FAE04EC0-301F-11D3-BF4B-00C04F79EFBC}") = "MentorViet.Entity", "MentorViet.Entity\MentorViet.Entity.csproj", "{DDE6DE9E-B335-4ACE-B7DE-FB4B2D67871B}"
EndProject
Project("{FAE04EC0-301F-11D3-BF4B-00C04F79EFBC}") = "MentorViet.Contract", "MentorViet.Contract\MentorViet.Contract.csproj", "{6996E7F4-6C6E-4918-B383-759442F63F3C}"
EndProject
Project("{FAE04EC0-301F-11D3-BF4B-00C04F79EFBC}") = "MentorViet.WebApplication", "MentorViet.WebApplication\MentorViet.WebApplication.csproj", "{64C81A81-5470-496B-AF4F-D87B2E777523}"
EndProject
Global
	GlobalSection(SolutionConfigurationPlatforms) = preSolution
		Debug|Any CPU = Debug|Any CPU
		Release|Any CPU = Release|Any CPU
	EndGlobalSection
	GlobalSection(ProjectConfigurationPlatforms) = postSolution
		{F36112FA-020F-4DD3-9CB8-2569DE99876F}.Debug|Any CPU.ActiveCfg = Debug|Any CPU
		{F36112FA-020F-4DD3-9CB8-2569DE99876F}.Debug|Any CPU.Build.0 = Debug|Any CPU
		{F36112FA-020F-4DD3-9CB8-2569DE99876F}.Release|Any CPU.ActiveCfg = Release|Any CPU
		{F36112FA-020F-4DD3-9CB8-2569DE99876F}.Release|Any CPU.Build.0 = Release|Any CPU
		{F705C87D-5AFA-4B13-90DF-672D4D104EC9}.Debug|Any CPU.ActiveCfg = Debug|Any CPU
		{F705C87D-5AFA-4B13-90DF-672D4D104EC9}.Debug|Any CPU.Build.0 = Debug|Any CPU
		{F705C87D-5AFA-4B13-90DF-672D4D104EC9}.Release|Any CPU.ActiveCfg = Release|Any CPU
		{F705C87D-5AFA-4B13-90DF-672D4D104EC9}.Release|Any CPU.Build.0 = Release|Any CPU
		{DDE6DE9E-B335-4ACE-B7DE-FB4B2D67871B}.Debug|Any CPU.ActiveCfg = Debug|Any CPU
		{DDE6DE9E-B335-4ACE-B7DE-FB4B2D67871B}.Debug|Any CPU.Build.0 = Debug|Any CPU
		{DDE6DE9E-B335-4ACE-B7DE-FB4B2D67871B}.Release|Any CPU.ActiveCfg = Release|Any CPU
		{DDE6DE9E-B335-4ACE-B7DE-FB4B2D67871B}.Release|Any CPU.Build.0 = Release|Any CPU
		{6996E7F4-6C6E-4918-B383-759442F63F3C}.Debug|Any CPU.ActiveCfg = Debug|Any CPU
		{6996E7F4-6C6E-4918-B383-759442F63F3C}.Debug|Any CPU.Build.0 = Debug|Any CPU
		{6996E7F4-6C6E-4918-B383-759442F63F3C}.Release|Any CPU.ActiveCfg = Release|Any CPU
		{6996E7F4-6C6E-4918-B383-759442F63F3C}.Release|Any CPU.Build.0 = Release|Any CPU
		{64C81A81-5470-496B-AF4F-D87B2E777523}.Debug|Any CPU.ActiveCfg = Debug|Any CPU
		{64C81A81-5470-496B-AF4F-D87B2E777523}.Debug|Any CPU.Build.0 = Debug|Any CPU
		{64C81A81-5470-496B-AF4F-D87B2E777523}.Release|Any CPU.ActiveCfg = Release|Any CPU
		{64C81A81-5470-496B-AF4F-D87B2E777523}.Release|Any CPU.Build.0 = Release|Any CPU
	EndGlobalSection
	GlobalSection(SolutionProperties) = preSolution
		HideSolutionNode = FALSE
	EndGlobalSection
	GlobalSection(ExtensibilityGlobals) = postSolution
		SolutionGuid = {94E8991D-4F48-479D-8528-C094F1EBD32C}
	EndGlobalSection
EndGlobal
